
Microsoft Visual Studio Solution File, Format Version 12.00
# Visual Studio Version 16
VisualStudioVersion = 16.0.30907.101
MinimumVisualStudioVersion = 10.0.40219.1
Project("{9A19103F-16F7-4668-BE54-9A1E7A4F7556}") = "01.1 Vending Machine", "01.1 Vending Machine\01.1 Vending Machine.csproj", "{5E958E6F-4513-4118-B2A6-6E7B7C192B5A}"
EndProject
Project("{9A19103F-16F7-4668-BE54-9A1E7A4F7556}") = "Ex 1.1 Test", "..\Assn 01\Ex 1.1 Test\Ex 1.1 Test.csproj", "{817EB373-B30D-46FF-B445-86AD865FAA4E}"
EndProject
Global
	GlobalSection(SolutionConfigurationPlatforms) = preSolution
		Debug|Any CPU = Debug|Any CPU
		Release|Any CPU = Release|Any CPU
	EndGlobalSection
	GlobalSection(ProjectConfigurationPlatforms) = postSolution
		{5E958E6F-4513-4118-B2A6-6E7B7C192B5A}.Debug|Any CPU.ActiveCfg = Debug|Any CPU
		{5E958E6F-4513-4118-B2A6-6E7B7C192B5A}.Debug|Any CPU.Build.0 = Debug|Any CPU
		{5E958E6F-4513-4118-B2A6-6E7B7C192B5A}.Release|Any CPU.ActiveCfg = Release|Any CPU
		{5E958E6F-4513-4118-B2A6-6E7B7C192B5A}.Release|Any CPU.Build.0 = Release|Any CPU
		{817EB373-B30D-46FF-B445-86AD865FAA4E}.Debug|Any CPU.ActiveCfg = Debug|Any CPU
		{817EB373-B30D-46FF-B445-86AD865FAA4E}.Debug|Any CPU.Build.0 = Debug|Any CPU
		{817EB373-B30D-46FF-B445-86AD865FAA4E}.Release|Any CPU.ActiveCfg = Release|Any CPU
		{817EB373-B30D-46FF-B445-86AD865FAA4E}.Release|Any CPU.Build.0 = Release|Any CPU
	EndGlobalSection
	GlobalSection(SolutionProperties) = preSolution
		HideSolutionNode = FALSE
	EndGlobalSection
	GlobalSection(ExtensibilityGlobals) = postSolution
		SolutionGuid = {DF835BE0-4380-46FB-A0EB-D4030885F1B7}
	EndGlobalSection
EndGlobal
